lockfileVersion: '9.0'

settings:
  autoInstallPeers: true
  excludeLinksFromLockfile: false

importers:

  .:
    dependencies:
      '@tailwindcss/postcss':
        specifier: 4.0.0-alpha.24
        version: 4.0.0-alpha.24(postcss@8.4.47)
      '@types/node':
        specifier: ^20
        version: 20.16.5
      '@types/react':
        specifier: ^18
        version: 18.3.8
      '@types/react-dom':
        specifier: ^18
        version: 18.3.0
      next:
        specifier: 15.0.0-canary.161
        version: 15.0.0-canary.161(react-dom@19.0.0-rc-e740d4b1-20240919(react@19.0.0-rc-e740d4b1-20240919))(react@19.0.0-rc-e740d4b1-20240919)
      postcss:
        specifier: ^8
        version: 8.4.47
      react:
        specifier: 19.0.0-rc-e740d4b1-20240919
        version: 19.0.0-rc-e740d4b1-20240919
      react-dom:
        specifier: 19.0.0-rc-e740d4b1-20240919
        version: 19.0.0-rc-e740d4b1-20240919(react@19.0.0-rc-e740d4b1-20240919)
      tailwindcss:
        specifier: 4.0.0-alpha.24
        version: 4.0.0-alpha.24
      typescript:
        specifier: ^5
        version: 5.6.2

packages:

  '@emnapi/runtime@1.2.0':
    resolution: {integrity: sha512-bV21/9LQmcQeCPEg3BDFtvwL6cwiTMksYNWQQ4KOxCZikEGalWtenoZ0wCiukJINlGCIi2KXx01g4FoH/LxpzQ==}

  '@img/sharp-darwin-arm64@0.33.5':
    resolution: {integrity: sha512-UT4p+iz/2H4twwAoLCqfA9UH5pI6DggwKEGuaPy7nCVQ8ZsiY5PIcrRvD1DzuY3qYL07NtIQcWnBSY/heikIFQ==}
    engines: {node: ^18.17.0 || ^20.3.0 || >=21.0.0}
    cpu: [arm64]
    os: [darwin]

  '@img/sharp-darwin-x64@0.33.5':
    resolution: {integrity: sha512-fyHac4jIc1ANYGRDxtiqelIbdWkIuQaI84Mv45KvGRRxSAa7o7d1ZKAOBaYbnepLC1WqxfpimdeWfvqqSGwR2Q==}
    engines: {node: ^18.17.0 || ^20.3.0 || >=21.0.0}
    cpu: [x64]
    os: [darwin]

  '@img/sharp-libvips-darwin-arm64@1.0.4':
    resolution: {integrity: sha512-XblONe153h0O2zuFfTAbQYAX2JhYmDHeWikp1LM9Hul9gVPjFY427k6dFEcOL72O01QxQsWi761svJ/ev9xEDg==}
    cpu: [arm64]
    os: [darwin]

  '@img/sharp-libvips-darwin-x64@1.0.4':
    resolution: {integrity: sha512-xnGR8YuZYfJGmWPvmlunFaWJsb9T/AO2ykoP3Fz/0X5XV2aoYBPkX6xqCQvUTKKiLddarLaxpzNe+b1hjeWHAQ==}
    cpu: [x64]
    os: [darwin]

  '@img/sharp-libvips-linux-arm64@1.0.4':
    resolution: {integrity: sha512-9B+taZ8DlyyqzZQnoeIvDVR/2F4EbMepXMc/NdVbkzsJbzkUjhXv/70GQJ7tdLA4YJgNP25zukcxpX2/SueNrA==}
    cpu: [arm64]
    os: [linux]

  '@img/sharp-libvips-linux-arm@1.0.5':
    resolution: {integrity: sha512-gvcC4ACAOPRNATg/ov8/MnbxFDJqf/pDePbBnuBDcjsI8PssmjoKMAz4LtLaVi+OnSb5FK/yIOamqDwGmXW32g==}
    cpu: [arm]
    os: [linux]

  '@img/sharp-libvips-linux-s390x@1.0.4':
    resolution: {integrity: sha512-u7Wz6ntiSSgGSGcjZ55im6uvTrOxSIS8/dgoVMoiGE9I6JAfU50yH5BoDlYA1tcuGS7g/QNtetJnxA6QEsCVTA==}
    cpu: [s390x]
    os: [linux]

  '@img/sharp-libvips-linux-x64@1.0.4':
    resolution: {integrity: sha512-MmWmQ3iPFZr0Iev+BAgVMb3ZyC4KeFc3jFxnNbEPas60e1cIfevbtuyf9nDGIzOaW9PdnDciJm+wFFaTlj5xYw==}
    cpu: [x64]
    os: [linux]

  '@img/sharp-libvips-linuxmusl-arm64@1.0.4':
    resolution: {integrity: sha512-9Ti+BbTYDcsbp4wfYib8Ctm1ilkugkA/uscUn6UXK1ldpC1JjiXbLfFZtRlBhjPZ5o1NCLiDbg8fhUPKStHoTA==}
    cpu: [arm64]
    os: [linux]

  '@img/sharp-libvips-linuxmusl-x64@1.0.4':
    resolution: {integrity: sha512-viYN1KX9m+/hGkJtvYYp+CCLgnJXwiQB39damAO7WMdKWlIhmYTfHjwSbQeUK/20vY154mwezd9HflVFM1wVSw==}
    cpu: [x64]
    os: [linux]

  '@img/sharp-linux-arm64@0.33.5':
    resolution: {integrity: sha512-JMVv+AMRyGOHtO1RFBiJy/MBsgz0x4AWrT6QoEVVTyh1E39TrCUpTRI7mx9VksGX4awWASxqCYLCV4wBZHAYxA==}
    engines: {node: ^18.17.0 || ^20.3.0 || >=21.0.0}
    cpu: [arm64]
    os: [linux]

  '@img/sharp-linux-arm@0.33.5':
    resolution: {integrity: sha512-JTS1eldqZbJxjvKaAkxhZmBqPRGmxgu+qFKSInv8moZ2AmT5Yib3EQ1c6gp493HvrvV8QgdOXdyaIBrhvFhBMQ==}
    engines: {node: ^18.17.0 || ^20.3.0 || >=21.0.0}
    cpu: [arm]
    os: [linux]

  '@img/sharp-linux-s390x@0.33.5':
    resolution: {integrity: sha512-y/5PCd+mP4CA/sPDKl2961b+C9d+vPAveS33s6Z3zfASk2j5upL6fXVPZi7ztePZ5CuH+1kW8JtvxgbuXHRa4Q==}
    engines: {node: ^18.17.0 || ^20.3.0 || >=21.0.0}
    cpu: [s390x]
    os: [linux]

  '@img/sharp-linux-x64@0.33.5':
    resolution: {integrity: sha512-opC+Ok5pRNAzuvq1AG0ar+1owsu842/Ab+4qvU879ippJBHvyY5n2mxF1izXqkPYlGuP/M556uh53jRLJmzTWA==}
    engines: {node: ^18.17.0 || ^20.3.0 || >=21.0.0}
    cpu: [x64]
    os: [linux]

  '@img/sharp-linuxmusl-arm64@0.33.5':
    resolution: {integrity: sha512-XrHMZwGQGvJg2V/oRSUfSAfjfPxO+4DkiRh6p2AFjLQztWUuY/o8Mq0eMQVIY7HJ1CDQUJlxGGZRw1a5bqmd1g==}
    engines: {node: ^18.17.0 || ^20.3.0 || >=21.0.0}
    cpu: [arm64]
    os: [linux]

  '@img/sharp-linuxmusl-x64@0.33.5':
    resolution: {integrity: sha512-WT+d/cgqKkkKySYmqoZ8y3pxx7lx9vVejxW/W4DOFMYVSkErR+w7mf2u8m/y4+xHe7yY9DAXQMWQhpnMuFfScw==}
    engines: {node: ^18.17.0 || ^20.3.0 || >=21.0.0}
    cpu: [x64]
    os: [linux]

  '@img/sharp-wasm32@0.33.5':
    resolution: {integrity: sha512-ykUW4LVGaMcU9lu9thv85CbRMAwfeadCJHRsg2GmeRa/cJxsVY9Rbd57JcMxBkKHag5U/x7TSBpScF4U8ElVzg==}
    engines: {node: ^18.17.0 || ^20.3.0 || >=21.0.0}
    cpu: [wasm32]

  '@img/sharp-win32-ia32@0.33.5':
    resolution: {integrity: sha512-T36PblLaTwuVJ/zw/LaH0PdZkRz5rd3SmMHX8GSmR7vtNSP5Z6bQkExdSK7xGWyxLw4sUknBuugTelgw2faBbQ==}
    engines: {node: ^18.17.0 || ^20.3.0 || >=21.0.0}
    cpu: [ia32]
    os: [win32]

  '@img/sharp-win32-x64@0.33.5':
    resolution: {integrity: sha512-MpY/o8/8kj+EcnxwvrP4aTJSWw/aZ7JIGR4aBeZkZw5B7/Jn+tY9/VNwtcoGmdT7GfggGIU4kygOMSbYnOrAbg==}
    engines: {node: ^18.17.0 || ^20.3.0 || >=21.0.0}
    cpu: [x64]
    os: [win32]

  '@next/env@15.0.0-canary.161':
    resolution: {integrity: sha512-MIcaDiNnHQphiuyFi4wQ3veXGFPDqzRg2JCXqHbZ6atZNZLLR65quuuPNQ9a7dynElskaH2XIyRM1WBtPoge4w==}

  '@next/swc-darwin-arm64@15.0.0-canary.161':
    resolution: {integrity: sha512-+NqqjUIlKS+6JZPycro5kWUj+4jZJnZQOFRjIubtksIpYXgI4vLI54Ainl3zeVn3a0Kg6l0d+4/hZ5kmDS4O4Q==}
    engines: {node: '>= 10'}
    cpu: [arm64]
    os: [darwin]

  '@next/swc-darwin-x64@15.0.0-canary.161':
    resolution: {integrity: sha512-oa2EZ5ceSVyMtBpeIdrw7uL2Rs92KgsZitmFZtsLvtvMPK7LEgWu6ZGEF09mQa0lOYXQLu/U6TZvVWNhYbQ2Tw==}
    engines: {node: '>= 10'}
    cpu: [x64]
    os: [darwin]

  '@next/swc-linux-arm64-gnu@15.0.0-canary.161':
    resolution: {integrity: sha512-TpceUcQ3mVLPnoE4eDI/PbbwrKzFyDxZMeusb10GLicxzo+w6CCGxxkL43q8lKgdf78q1jbdWBFlm1T5C0d7NQ==}
    engines: {node: '>= 10'}
    cpu: [arm64]
    os: [linux]

  '@next/swc-linux-arm64-musl@15.0.0-canary.161':
    resolution: {integrity: sha512-A1MW6/+vaz0BfNQ6M/ptrf+RRWCb9HaItcbTeRYYAmXyaRpVNmUjbnZ8ny93VueCiWU7OR1GgFhvuPik2xR/uQ==}
    engines: {node: '>= 10'}
    cpu: [arm64]
    os: [linux]

  '@next/swc-linux-x64-gnu@15.0.0-canary.161':
    resolution: {integrity: sha512-hOdh0KePlUf5bpdjzY6wCLfoB1tP1Czvjm6WlNakaTR5nSzgjY7XUSWs6UEj36kEHehwsam6wLHxNCgsTdCWdg==}
    engines: {node: '>= 10'}
    cpu: [x64]
    os: [linux]

  '@next/swc-linux-x64-musl@15.0.0-canary.161':
    resolution: {integrity: sha512-QugyWvDnB1dO8S5WpyXLtHoBSEV+T1kxo2A7rA8T0ZJD2SS8Uz6mti+e+OOSirHjLso05kaZWXPkzCknTYHsBw==}
    engines: {node: '>= 10'}
    cpu: [x64]
    os: [linux]

  '@next/swc-win32-arm64-msvc@15.0.0-canary.161':
    resolution: {integrity: sha512-myiUeg7OmSkYPfFV6jf0ce3zFGhQhsUB4W+LKdq1nWf5x4yYvISzx4EX0ZCVKEIWo68VqBO9ekjc+q0XDzLeeg==}
    engines: {node: '>= 10'}
    cpu: [arm64]
    os: [win32]

  '@next/swc-win32-ia32-msvc@15.0.0-canary.161':
    resolution: {integrity: sha512-NUbW/H5r3vRhRFCZPTcPK1nV3s9VfEAgHr2xNJp5TjMheJ7m9VsuZXodF4ayATu9nlsjCJI2v0TUtJjxRqs0FA==}
    engines: {node: '>= 10'}
    cpu: [ia32]
    os: [win32]

  '@next/swc-win32-x64-msvc@15.0.0-canary.161':
    resolution: {integrity: sha512-JftkCF/9A0OQnzauRItlACXVzu2gKyS1Oi5FnXXv5pjjc1D4ak5dZqrhmjrwVfZYXerWs1cVNSfBu0tocKF3PA==}
    engines: {node: '>= 10'}
    cpu: [x64]
    os: [win32]

  '@swc/counter@0.1.3':
    resolution: {integrity: sha512-e2BR4lsJkkRlKZ/qCHPw9ZaSxc0MVUd7gtbtaB7aMvHeJVYe8sOB8DBZkP2DtISHGSku9sCK6T6cnY0CtXrOCQ==}

  '@swc/helpers@0.5.13':
    resolution: {integrity: sha512-UoKGxQ3r5kYI9dALKJapMmuK+1zWM/H17Z1+iwnNmzcJRnfFuevZs375TA5rW31pu4BS4NoSy1fRsexDXfWn5w==}

  '@tailwindcss/node@4.0.0-alpha.24':
    resolution: {integrity: sha512-oDQRe/FtkqPCviVdyp0LEdu6sHj5iIQygjlmFpKmZe17BKOTymEwEafomZvf/sZNhhsFgXoEU7qHc9ABxSucJw==}

  '@tailwindcss/oxide-android-arm64@4.0.0-alpha.24':
    resolution: {integrity: sha512-oMsnLS+soTPaKqIf02y7Bz/RH0XYujeTszE1BA4UgIwXtrYlprShyHDNECC5UaIxFTanwQ910bH8VwceK88/Lg==}
    engines: {node: '>= 10'}
    cpu: [arm64]
    os: [android]

  '@tailwindcss/oxide-darwin-arm64@4.0.0-alpha.24':
    resolution: {integrity: sha512-GQ96fwvldhtEP1tJYrx4bChNeIRqU3TzrF0rhNTOYQrqBOP1vnImXZVpGyFYLtKqFvJqroffSiGjgKMEXjX72w==}
    engines: {node: '>= 10'}
    cpu: [arm64]
    os: [darwin]

  '@tailwindcss/oxide-darwin-x64@4.0.0-alpha.24':
    resolution: {integrity: sha512-37BjzedFksF1SI0qg+KR1deziKDJuN0O7604GLvoMiT8ru3UI5gxKUlRfPFoki2FTL66fHHWV5E0MdtwSBUMCQ==}
    engines: {node: '>= 10'}
    cpu: [x64]
    os: [darwin]

  '@tailwindcss/oxide-freebsd-x64@4.0.0-alpha.24':
    resolution: {integrity: sha512-81md1dyyKOnn/gCqO4doOwkx0yFoPS74pwzsYQTgF/Q1TEYqZc3NyBP16YKAWxYBI+eR9BmJr82NEWXQvQ26qg==}
    engines: {node: '>= 10'}
    cpu: [x64]
    os: [freebsd]

  '@tailwindcss/oxide-linux-arm-gnueabihf@4.0.0-alpha.24':
    resolution: {integrity: sha512-IzrqUnIfuNPySrH+zqdUeb7x61mynhtrbS+RJFvz9lFBggfYfkDcpV1e9Thu3IfPiMA5U2ajjQLI/FuneAGMNQ==}
    engines: {node: '>= 10'}
    cpu: [arm]
    os: [linux]

  '@tailwindcss/oxide-linux-arm64-gnu@4.0.0-alpha.24':
    resolution: {integrity: sha512-HfQWZG0anbWNReaa0bYY7UGcch55kvjRdEeP+1ArVIKTJp5nYq1tsywfO7xBAa5eDkHKx7YGcVsPiNGx31dCLA==}
    engines: {node: '>= 10'}
    cpu: [arm64]
    os: [linux]

  '@tailwindcss/oxide-linux-arm64-musl@4.0.0-alpha.24':
    resolution: {integrity: sha512-zh16uVQk/7PgdX2EyYGUEAyOt5da2jfgbv0ZUCx5dXpVOEGYtakLlvlx4yx7ePGgZ2XE5sgrZpnlFlJlwwOfIQ==}
    engines: {node: '>= 10'}
    cpu: [arm64]
    os: [linux]

  '@tailwindcss/oxide-linux-x64-gnu@4.0.0-alpha.24':
    resolution: {integrity: sha512-qe4fIGFXa+MOeZDCRvaVgoss33IZwPNuEqjlWktzRHTTtRl+Q8eVoLkJwtg3zyq241DQy0zdBVjtxB/QNM2KvA==}
    engines: {node: '>= 10'}
    cpu: [x64]
    os: [linux]

  '@tailwindcss/oxide-linux-x64-musl@4.0.0-alpha.24':
    resolution: {integrity: sha512-obOxjL8nXwVxyYY8TfeOZ12IbhNF+NarjmLi5s/ugTaIEowAFedv/GWYBTeZpiJU5DmdsXYVKVP+D/sm6RaySA==}
    engines: {node: '>= 10'}
    cpu: [x64]
    os: [linux]

  '@tailwindcss/oxide-win32-x64-msvc@4.0.0-alpha.24':
    resolution: {integrity: sha512-WlZWFCIyUdDL5x/72JTBHnXQOIYgjCTOFMv4WZCkQaO+Kii30IuyfLUUBp26hk3/FNpsipbWGfc7tx7ioMTqBg==}
    engines: {node: '>= 10'}
    cpu: [x64]
    os: [win32]

  '@tailwindcss/oxide@4.0.0-alpha.24':
    resolution: {integrity: sha512-Q4SMbWdRKLPAGkbSmqh2k3qIT8DmYFxui1iwBfd3jzrIaKGw1ks7vbo5HDy0YPqA8yxDjiaXtOGeAegj1Obrkw==}
    engines: {node: '>= 10'}

  '@tailwindcss/postcss@4.0.0-alpha.24':
    resolution: {integrity: sha512-Zlbl1cncikfVHgCRapHASYA8eAWcJnGk7CTAkoCSH2n72UYfgIM04Am4rUJqzTXeGX08yMFf70hY/Dh6DiWWZA==}

  '@types/node@20.16.5':
    resolution: {integrity: sha512-VwYCweNo3ERajwy0IUlqqcyZ8/A7Zwa9ZP3MnENWcB11AejO+tLy3pu850goUW2FC/IJMdZUfKpX/yxL1gymCA==}

  '@types/prop-types@15.7.13':
    resolution: {integrity: sha512-hCZTSvwbzWGvhqxp/RqVqwU999pBf2vp7hzIjiYOsl8wqOmUxkQ6ddw1cV3l8811+kdUFus/q4d1Y3E3SyEifA==}

  '@types/react-dom@18.3.0':
    resolution: {integrity: sha512-EhwApuTmMBmXuFOikhQLIBUn6uFg81SwLMOAUgodJF14SOBOCMdU04gDoYi0WOJJHD144TL32z4yDqCW3dnkQg==}

  '@types/react@18.3.8':
    resolution: {integrity: sha512-syBUrW3/XpnW4WJ41Pft+I+aPoDVbrBVQGEnbD7NijDGlVC+8gV/XKRY+7vMDlfPpbwYt0l1vd/Sj8bJGMbs9Q==}

  busboy@1.6.0:
    resolution: {integrity: sha512-8SFQbg/0hQ9xy3UNTB0YEnsNBbWfhf7RtnzpL7TkBiTBRfrQ9Fxcnz7VJsleJpyp6rVLvXiuORqjlHi5q+PYuA==}
    engines: {node: '>=10.16.0'}

  caniuse-lite@1.0.30001662:
    resolution: {integrity: sha512-sgMUVwLmGseH8ZIrm1d51UbrhqMCH3jvS7gF/M6byuHOnKyLOBL7W8yz5V02OHwgLGA36o/AFhWzzh4uc5aqTA==}

  client-only@0.0.1:
    resolution: {integrity: sha512-IV3Ou0jSMzZrd3pZ48nLkT9DA7Ag1pnPzaiQhpW7c3RbcqqzvzzVu+L8gfqMp/8IM2MQtSiqaCxrrcfu8I8rMA==}

  color-convert@2.0.1:
    resolution: {integrity: sha512-RRECPsj7iu/xb5oKYcsFHSppFNnsj/52OVTRKb4zP5onXwVF3zVmmToNcOfGC+CRDpfK/U584fMg38ZHCaElKQ==}
    engines: {node: '>=7.0.0'}

  color-name@1.1.4:
    resolution: {integrity: sha512-dOy+3AuW3a2wNbZHIuMZpTcgjGuLU/uBL/ubcZF9OXbDo8ff4O8yVp5Bf0efS8uEoYo5q4Fx7dY9OgQGXgAsQA==}

  color-string@1.9.1:
    resolution: {integrity: sha512-shrVawQFojnZv6xM40anx4CkoDP+fZsw/ZerEMsW/pyzsRbElpsL/DBVW7q3ExxwusdNXI3lXpuhEZkzs8p5Eg==}

  color@4.2.3:
    resolution: {integrity: sha512-1rXeuUUiGGrykh+CeBdu5Ie7OJwinCgQY0bc7GCRxy5xVHy+moaqkpL/jqQq0MtQOeYcrqEz4abc5f0KtU7W4A==}
    engines: {node: '>=12.5.0'}

  csstype@3.1.3:
    resolution: {integrity: sha512-M1uQkMl8rQK/szD0LNhtqxIPLpimGm8sOBwU7lLnCpSbTyY3yeU1Vc7l4KT5zT4s/yOxHH5O7tIuuLOCnLADRw==}

  detect-libc@1.0.3:
    resolution: {integrity: sha512-pGjwhsmsp4kL2RTz08wcOlGN83otlqHeD/Z5T8GXZB+/YcpQ/dgo+lbU8ZsGxV0HIvqqxo9l7mqYwyYMD9bKDg==}
    engines: {node: '>=0.10'}
    hasBin: true

  detect-libc@2.0.3:
    resolution: {integrity: sha512-bwy0MGW55bG41VqxxypOsdSdGqLwXPI/focwgTYCFMbdUiBAxLg9CFzG08sz2aqzknwiX7Hkl0bQENjg8iLByw==}
    engines: {node: '>=8'}

  function-bind@1.1.2:
    resolution: {integrity: sha512-7XHNxH7qX9xG5mIwxkhumTox/MIRNcOgDrxWsMt2pAr23WHp6MrRlN7FBSFpCpr+oVO0F744iUgR82nJMfG2SA==}

  hasown@2.0.2:
    resolution: {integrity: sha512-0hJU9SCPvmMzIBdZFqNPXWa6dqh7WdH0cII9y+CyS8rG3nL48Bclra9HmKhVVUHyPWNH5Y7xDwAB7bfgSjkUMQ==}
    engines: {node: '>= 0.4'}

  is-arrayish@0.3.2:
    resolution: {integrity: sha512-eVRqCvVlZbuw3GrM63ovNSNAeA1K16kaR/LRY/92w0zxQ5/1YzwblUX652i4Xs9RwAGjW9d9y6X88t8OaAJfWQ==}

  is-core-module@2.15.1:
    resolution: {integrity: sha512-z0vtXSwucUJtANQWldhbtbt7BnL0vxiFjIdDLAatwhDYty2bad6s+rijD6Ri4YuYJubLzIJLUidCh09e1djEVQ==}
    engines: {node: '>= 0.4'}

  jiti@2.0.0-rc.1:
    resolution: {integrity: sha512-40BOLe5MVHVgtzjIB52uBqRxTCR07Ziecxx/LVmqRDV14TJaruFX6kKgS9iYhATGSUs04x3S19Kc8ErUKshMhA==}
    hasBin: true

  lightningcss-darwin-arm64@1.27.0:
    resolution: {integrity: sha512-Gl/lqIXY+d+ySmMbgDf0pgaWSqrWYxVHoc88q+Vhf2YNzZ8DwoRzGt5NZDVqqIW5ScpSnmmjcgXP87Dn2ylSSQ==}
    engines: {node: '>= 12.0.0'}
    cpu: [arm64]
    os: [darwin]

  lightningcss-darwin-x64@1.27.0:
    resolution: {integrity: sha512-0+mZa54IlcNAoQS9E0+niovhyjjQWEMrwW0p2sSdLRhLDc8LMQ/b67z7+B5q4VmjYCMSfnFi3djAAQFIDuj/Tg==}
    engines: {node: '>= 12.0.0'}
    cpu: [x64]
    os: [darwin]

  lightningcss-freebsd-x64@1.27.0:
    resolution: {integrity: sha512-n1sEf85fePoU2aDN2PzYjoI8gbBqnmLGEhKq7q0DKLj0UTVmOTwDC7PtLcy/zFxzASTSBlVQYJUhwIStQMIpRA==}
    engines: {node: '>= 12.0.0'}
    cpu: [x64]
    os: [freebsd]

  lightningcss-linux-arm-gnueabihf@1.27.0:
    resolution: {integrity: sha512-MUMRmtdRkOkd5z3h986HOuNBD1c2lq2BSQA1Jg88d9I7bmPGx08bwGcnB75dvr17CwxjxD6XPi3Qh8ArmKFqCA==}
    engines: {node: '>= 12.0.0'}
    cpu: [arm]
    os: [linux]

  lightningcss-linux-arm64-gnu@1.27.0:
    resolution: {integrity: sha512-cPsxo1QEWq2sfKkSq2Bq5feQDHdUEwgtA9KaB27J5AX22+l4l0ptgjMZZtYtUnteBofjee+0oW1wQ1guv04a7A==}
    engines: {node: '>= 12.0.0'}
    cpu: [arm64]
    os: [linux]

  lightningcss-linux-arm64-musl@1.27.0:
    resolution: {integrity: sha512-rCGBm2ax7kQ9pBSeITfCW9XSVF69VX+fm5DIpvDZQl4NnQoMQyRwhZQm9pd59m8leZ1IesRqWk2v/DntMo26lg==}
    engines: {node: '>= 12.0.0'}
    cpu: [arm64]
    os: [linux]

  lightningcss-linux-x64-gnu@1.27.0:
    resolution: {integrity: sha512-Dk/jovSI7qqhJDiUibvaikNKI2x6kWPN79AQiD/E/KeQWMjdGe9kw51RAgoWFDi0coP4jinaH14Nrt/J8z3U4A==}
    engines: {node: '>= 12.0.0'}
    cpu: [x64]
    os: [linux]

  lightningcss-linux-x64-musl@1.27.0:
    resolution: {integrity: sha512-QKjTxXm8A9s6v9Tg3Fk0gscCQA1t/HMoF7Woy1u68wCk5kS4fR+q3vXa1p3++REW784cRAtkYKrPy6JKibrEZA==}
    engines: {node: '>= 12.0.0'}
    cpu: [x64]
    os: [linux]

  lightningcss-win32-arm64-msvc@1.27.0:
    resolution: {integrity: sha512-/wXegPS1hnhkeG4OXQKEMQeJd48RDC3qdh+OA8pCuOPCyvnm/yEayrJdJVqzBsqpy1aJklRCVxscpFur80o6iQ==}
    engines: {node: '>= 12.0.0'}
    cpu: [arm64]
    os: [win32]

  lightningcss-win32-x64-msvc@1.27.0:
    resolution: {integrity: sha512-/OJLj94Zm/waZShL8nB5jsNj3CfNATLCTyFxZyouilfTmSoLDX7VlVAmhPHoZWVFp4vdmoiEbPEYC8HID3m6yw==}
    engines: {node: '>= 12.0.0'}
    cpu: [x64]
    os: [win32]

  lightningcss@1.27.0:
    resolution: {integrity: sha512-8f7aNmS1+etYSLHht0fQApPc2kNO8qGRutifN5rVIc6Xo6ABsEbqOr758UwI7ALVbTt4x1fllKt0PYgzD9S3yQ==}
    engines: {node: '>= 12.0.0'}

  nanoid@3.3.7:
    resolution: {integrity: sha512-eSRppjcPIatRIMC1U6UngP8XFcz8MQWGQdt1MTBQ7NaAmvXDfvNxbvWV3x2y6CdEUciCSsDHDQZbhYaB8QEo2g==}
    engines: {node: ^10 || ^12 || ^13.7 || ^14 || >=15.0.1}
    hasBin: true

  next@15.0.0-canary.161:
    resolution: {integrity: sha512-oQlyijNvHviBhc0hXNAir4oby3jebkyqlLRPJtNsj72klUf2WTotoS+pIfvmYr35UK0qC2nAQBoFth7/k4zHpA==}
    engines: {node: '>=18.18.0'}
    hasBin: true
    peerDependencies:
      '@opentelemetry/api': ^1.1.0
      '@playwright/test': ^1.41.2
      babel-plugin-react-compiler: '*'
      react: 19.0.0-rc-e740d4b1-20240919
      react-dom: 19.0.0-rc-e740d4b1-20240919
      sass: ^1.3.0
    peerDependenciesMeta:
      '@opentelemetry/api':
        optional: true
      '@playwright/test':
        optional: true
      babel-plugin-react-compiler:
        optional: true
      sass:
        optional: true

  path-parse@1.0.7:
    resolution: {integrity: sha512-LDJzPVEEEPR+y48z93A0Ed0yXb8pAByGWo/k5YYdYgpY2/2EsOsksJrq7lOHxryrVOn1ejG6oAp8ahvOIQD8sw==}

  picocolors@1.1.0:
    resolution: {integrity: sha512-TQ92mBOW0l3LeMeyLV6mzy/kWr8lkd/hp3mTg7wYK7zJhuBStmGMBG0BdeDZS/dZx1IukaX6Bk11zcln25o1Aw==}

  pify@2.3.0:
    resolution: {integrity: sha512-udgsAY+fTnvv7kI7aaxbqwWNb0AHiB0qBO89PZKPkoTmGOgdbrHDKD+0B2X4uTfJ/FT1R09r9gTsjUjNJotuog==}
    engines: {node: '>=0.10.0'}

  postcss-import@16.1.0:
    resolution: {integrity: sha512-7hsAZ4xGXl4MW+OKEWCnF6T5jqBw80/EE9aXg1r2yyn1RsVEU8EtKXbijEODa+rg7iih4bKf7vlvTGYR4CnPNg==}
    engines: {node: '>=18.0.0'}
    peerDependencies:
      postcss: ^8.0.0

  postcss-value-parser@4.2.0:
    resolution: {integrity: sha512-1NNCs6uurfkVbeXG4S8JFT9t19m45ICnif8zWLd5oPSZ50QnwMfK+H3jv408d4jw/7Bttv5axS5IiHoLaVNHeQ==}

  postcss@8.4.31:
    resolution: {integrity: sha512-PS08Iboia9mts/2ygV3eLpY5ghnUcfLV/EXTOW1E2qYxJKGGBUtNjN76FYHnMs36RmARn41bC0AZmn+rR0OVpQ==}
    engines: {node: ^10 || ^12 || >=14}

  postcss@8.4.47:
    resolution: {integrity: sha512-56rxCq7G/XfB4EkXq9Egn5GCqugWvDFjafDOThIdMBsI15iqPqR5r15TfSr1YPYeEI19YeaXMCbY6u88Y76GLQ==}
    engines: {node: ^10 || ^12 || >=14}

  react-dom@19.0.0-rc-e740d4b1-20240919:
    resolution: {integrity: sha512-4vvVhTQYf9CxJuTtBqoRbqswnt2MA3xVl5UOQP9jnqC5wfkBeWM2gNk/tH4avLFWv5k6YZP75EqhNphiW7EXnA==}
    peerDependencies:
      react: 19.0.0-rc-e740d4b1-20240919

  react@19.0.0-rc-e740d4b1-20240919:
    resolution: {integrity: sha512-lQRkQYhG+6xPI0KV3e5H3uIaRCe1zjaOYy4MqhDsL23a07gcnDD/dIR0zS+1QTr2r4Msu7TPimExQroK0ySNGw==}
    engines: {node: '>=0.10.0'}

  read-cache@1.0.0:
    resolution: {integrity: sha512-Owdv/Ft7IjOgm/i0xvNDZ1LrRANRfew4b2prF3OWMQLxLfu3bS8FVhCsrSCMK4lR56Y9ya+AThoTpDCTxCmpRA==}

  resolve@1.22.8:
    resolution: {integrity: sha512-oKWePCxqpd6FlLvGV1VU0x7bkPmmCNolxzjMf4NczoDnQcIWrAF+cPtZn5i6n+RfD2d9i0tzpKnG6Yk168yIyw==}
    hasBin: true

  scheduler@0.25.0-rc-e740d4b1-20240919:
    resolution: {integrity: sha512-PRZr9KJzwg8HQgZdmngBza+DrzG0sElnUTvJIDiZWdWpSb9kkdousacJFEKFtLbV/NCq3sTOaX6LaMGyhXl5ug==}

  semver@7.6.3:
    resolution: {integrity: sha512-oVekP1cKtI+CTDvHWYFUcMtsK/00wmAEfyqKfNdARm8u1wNVhSgaX7A8d4UuIlUI5e84iEwOhs7ZPYRmzU9U6A==}
    engines: {node: '>=10'}
    hasBin: true

  sharp@0.33.5:
    resolution: {integrity: sha512-haPVm1EkS9pgvHrQ/F3Xy+hgcuMV0Wm9vfIBSiwZ05k+xgb0PkBQpGsAA/oWdDobNaZTH5ppvHtzCFbnSEwHVw==}
    engines: {node: ^18.17.0 || ^20.3.0 || >=21.0.0}

  simple-swizzle@0.2.2:
    resolution: {integrity: sha512-JA//kQgZtbuY83m+xT+tXJkmJncGMTFT+C+g2h2R9uxkYIrE2yy9sgmcLhCnw57/WSD+Eh3J97FPEDFnbXnDUg==}

  source-map-js@1.2.1:
    resolution: {integrity: sha512-UXWMKhLOwVKb728IUtQPXxfYU+usdybtUrK/8uGE8CQMvrhOpwvzDBwj0QhSL7MQc7vIsISBG8VQ8+IDQxpfQA==}
    engines: {node: '>=0.10.0'}

  streamsearch@1.1.0:
    resolution: {integrity: sha512-Mcc5wHehp9aXz1ax6bZUyY5afg9u2rv5cqQI3mRrYkGC8rW2hM02jWuwjtL++LS5qinSyhj2QfLyNsuc+VsExg==}
    engines: {node: '>=10.0.0'}

  styled-jsx@5.1.6:
    resolution: {integrity: sha512-qSVyDTeMotdvQYoHWLNGwRFJHC+i+ZvdBRYosOFgC+Wg1vx4frN2/RG/NA7SYqqvKNLf39P2LSRA2pu6n0XYZA==}
    engines: {node: '>= 12.0.0'}
    peerDependencies:
      '@babel/core': '*'
      babel-plugin-macros: '*'
      react: '>= 16.8.0 || 17.x.x || ^18.0.0-0 || ^19.0.0-0'
    peerDependenciesMeta:
      '@babel/core':
        optional: true
      babel-plugin-macros:
        optional: true

  supports-preserve-symlinks-flag@1.0.0:
    resolution: {integrity: sha512-ot0WnXS9fgdkgIcePe6RHNk1WA8+muPa6cSjeR3V8K27q9BB1rTE3R1p7Hv0z1ZyAc8s6Vvv8DIyWf681MAt0w==}
    engines: {node: '>= 0.4'}

  tailwindcss@4.0.0-alpha.24:
    resolution: {integrity: sha512-SOowAXp/sGer9VCOPO1HlnwbCmDz9nD/aXkdNzt4zkMRRlSAPdE1w6TD3I+RgR1qD0QDw5J9nkBA47mrFMjYPQ==}

  tslib@2.7.0:
    resolution: {integrity: sha512-gLXCKdN1/j47AiHiOkJN69hJmcbGTHI0ImLmbYLHykhgeN0jVGola9yVjFgzCUklsZQMW55o+dW7IXv3RCXDzA==}

  typescript@5.6.2:
    resolution: {integrity: sha512-NW8ByodCSNCwZeghjN3o+JX5OFH0Ojg6sadjEKY4huZ52TqbJTJnDo5+Tw98lSy63NZvi4n+ez5m2u5d4PkZyw==}
    engines: {node: '>=14.17'}
    hasBin: true

  undici-types@6.19.8:
    resolution: {integrity: sha512-ve2KP6f/JnbPBFyobGHuerC9g1FYGn/F8n1LWTwNxCEzd6IfqTwUQcNXgEtmmQ6DlRrC1hrSrBnCZPokRrDHjw==}

snapshots:

  '@emnapi/runtime@1.2.0':
    dependencies:
      tslib: 2.7.0
    optional: true

  '@img/sharp-darwin-arm64@0.33.5':
    optionalDependencies:
      '@img/sharp-libvips-darwin-arm64': 1.0.4
    optional: true

  '@img/sharp-darwin-x64@0.33.5':
    optionalDependencies:
      '@img/sharp-libvips-darwin-x64': 1.0.4
    optional: true

  '@img/sharp-libvips-darwin-arm64@1.0.4':
    optional: true

  '@img/sharp-libvips-darwin-x64@1.0.4':
    optional: true

  '@img/sharp-libvips-linux-arm64@1.0.4':
    optional: true

  '@img/sharp-libvips-linux-arm@1.0.5':
    optional: true

  '@img/sharp-libvips-linux-s390x@1.0.4':
    optional: true

  '@img/sharp-libvips-linux-x64@1.0.4':
    optional: true

  '@img/sharp-libvips-linuxmusl-arm64@1.0.4':
    optional: true

  '@img/sharp-libvips-linuxmusl-x64@1.0.4':
    optional: true

  '@img/sharp-linux-arm64@0.33.5':
    optionalDependencies:
      '@img/sharp-libvips-linux-arm64': 1.0.4
    optional: true

  '@img/sharp-linux-arm@0.33.5':
    optionalDependencies:
      '@img/sharp-libvips-linux-arm': 1.0.5
    optional: true

  '@img/sharp-linux-s390x@0.33.5':
    optionalDependencies:
      '@img/sharp-libvips-linux-s390x': 1.0.4
    optional: true

  '@img/sharp-linux-x64@0.33.5':
    optionalDependencies:
      '@img/sharp-libvips-linux-x64': 1.0.4
    optional: true

  '@img/sharp-linuxmusl-arm64@0.33.5':
    optionalDependencies:
      '@img/sharp-libvips-linuxmusl-arm64': 1.0.4
    optional: true

  '@img/sharp-linuxmusl-x64@0.33.5':
    optionalDependencies:
      '@img/sharp-libvips-linuxmusl-x64': 1.0.4
    optional: true

  '@img/sharp-wasm32@0.33.5':
    dependencies:
      '@emnapi/runtime': 1.2.0
    optional: true

  '@img/sharp-win32-ia32@0.33.5':
    optional: true

  '@img/sharp-win32-x64@0.33.5':
    optional: true

  '@next/env@15.0.0-canary.161': {}

  '@next/swc-darwin-arm64@15.0.0-canary.161':
    optional: true

  '@next/swc-darwin-x64@15.0.0-canary.161':
    optional: true

  '@next/swc-linux-arm64-gnu@15.0.0-canary.161':
    optional: true

  '@next/swc-linux-arm64-musl@15.0.0-canary.161':
    optional: true

  '@next/swc-linux-x64-gnu@15.0.0-canary.161':
    optional: true

  '@next/swc-linux-x64-musl@15.0.0-canary.161':
    optional: true

  '@next/swc-win32-arm64-msvc@15.0.0-canary.161':
    optional: true

  '@next/swc-win32-ia32-msvc@15.0.0-canary.161':
    optional: true

  '@next/swc-win32-x64-msvc@15.0.0-canary.161':
    optional: true

  '@swc/counter@0.1.3': {}

  '@swc/helpers@0.5.13':
    dependencies:
      tslib: 2.7.0

  '@tailwindcss/node@4.0.0-alpha.24':
    dependencies:
      jiti: 2.0.0-rc.1

  '@tailwindcss/oxide-android-arm64@4.0.0-alpha.24':
    optional: true

  '@tailwindcss/oxide-darwin-arm64@4.0.0-alpha.24':
    optional: true

  '@tailwindcss/oxide-darwin-x64@4.0.0-alpha.24':
    optional: true

  '@tailwindcss/oxide-freebsd-x64@4.0.0-alpha.24':
    optional: true

  '@tailwindcss/oxide-linux-arm-gnueabihf@4.0.0-alpha.24':
    optional: true

  '@tailwindcss/oxide-linux-arm64-gnu@4.0.0-alpha.24':
    optional: true

  '@tailwindcss/oxide-linux-arm64-musl@4.0.0-alpha.24':
    optional: true

  '@tailwindcss/oxide-linux-x64-gnu@4.0.0-alpha.24':
    optional: true

  '@tailwindcss/oxide-linux-x64-musl@4.0.0-alpha.24':
    optional: true

  '@tailwindcss/oxide-win32-x64-msvc@4.0.0-alpha.24':
    optional: true

  '@tailwindcss/oxide@4.0.0-alpha.24':
    optionalDependencies:
      '@tailwindcss/oxide-android-arm64': 4.0.0-alpha.24
      '@tailwindcss/oxide-darwin-arm64': 4.0.0-alpha.24
      '@tailwindcss/oxide-darwin-x64': 4.0.0-alpha.24
      '@tailwindcss/oxide-freebsd-x64': 4.0.0-alpha.24
      '@tailwindcss/oxide-linux-arm-gnueabihf': 4.0.0-alpha.24
      '@tailwindcss/oxide-linux-arm64-gnu': 4.0.0-alpha.24
      '@tailwindcss/oxide-linux-arm64-musl': 4.0.0-alpha.24
      '@tailwindcss/oxide-linux-x64-gnu': 4.0.0-alpha.24
      '@tailwindcss/oxide-linux-x64-musl': 4.0.0-alpha.24
      '@tailwindcss/oxide-win32-x64-msvc': 4.0.0-alpha.24

  '@tailwindcss/postcss@4.0.0-alpha.24(postcss@8.4.47)':
    dependencies:
      '@tailwindcss/node': 4.0.0-alpha.24
      '@tailwindcss/oxide': 4.0.0-alpha.24
      lightningcss: 1.27.0
      postcss-import: 16.1.0(postcss@8.4.47)
      tailwindcss: 4.0.0-alpha.24
    transitivePeerDependencies:
      - postcss

  '@types/node@20.16.5':
    dependencies:
      undici-types: 6.19.8

  '@types/prop-types@15.7.13': {}

  '@types/react-dom@18.3.0':
    dependencies:
      '@types/react': 18.3.8

  '@types/react@18.3.8':
    dependencies:
      '@types/prop-types': 15.7.13
      csstype: 3.1.3

  busboy@1.6.0:
    dependencies:
      streamsearch: 1.1.0

  caniuse-lite@1.0.30001662: {}

  client-only@0.0.1: {}

  color-convert@2.0.1:
    dependencies:
      color-name: 1.1.4
    optional: true

  color-name@1.1.4:
    optional: true

  color-string@1.9.1:
    dependencies:
      color-name: 1.1.4
      simple-swizzle: 0.2.2
    optional: true

  color@4.2.3:
    dependencies:
      color-convert: 2.0.1
      color-string: 1.9.1
    optional: true

  csstype@3.1.3: {}

  detect-libc@1.0.3: {}

  detect-libc@2.0.3:
    optional: true

  function-bind@1.1.2: {}

  hasown@2.0.2:
    dependencies:
      function-bind: 1.1.2

  is-arrayish@0.3.2:
    optional: true

  is-core-module@2.15.1:
    dependencies:
      hasown: 2.0.2

  jiti@2.0.0-rc.1: {}

  lightningcss-darwin-arm64@1.27.0:
    optional: true

  lightningcss-darwin-x64@1.27.0:
    optional: true

  lightningcss-freebsd-x64@1.27.0:
    optional: true

  lightningcss-linux-arm-gnueabihf@1.27.0:
    optional: true

  lightningcss-linux-arm64-gnu@1.27.0:
    optional: true

  lightningcss-linux-arm64-musl@1.27.0:
    optional: true

  lightningcss-linux-x64-gnu@1.27.0:
    optional: true

  lightningcss-linux-x64-musl@1.27.0:
    optional: true

  lightningcss-win32-arm64-msvc@1.27.0:
    optional: true

  lightningcss-win32-x64-msvc@1.27.0:
    optional: true

  lightningcss@1.27.0:
    dependencies:
      detect-libc: 1.0.3
    optionalDependencies:
      lightningcss-darwin-arm64: 1.27.0
      lightningcss-darwin-x64: 1.27.0
      lightningcss-freebsd-x64: 1.27.0
      lightningcss-linux-arm-gnueabihf: 1.27.0
      lightningcss-linux-arm64-gnu: 1.27.0
      lightningcss-linux-arm64-musl: 1.27.0
      lightningcss-linux-x64-gnu: 1.27.0
      lightningcss-linux-x64-musl: 1.27.0
      lightningcss-win32-arm64-msvc: 1.27.0
      lightningcss-win32-x64-msvc: 1.27.0

  nanoid@3.3.7: {}

  next@15.0.0-canary.161(react-dom@19.0.0-rc-e740d4b1-20240919(react@19.0.0-rc-e740d4b1-20240919))(react@19.0.0-rc-e740d4b1-20240919):
    dependencies:
      '@next/env': 15.0.0-canary.161
      '@swc/counter': 0.1.3
      '@swc/helpers': 0.5.13
      busboy: 1.6.0
      caniuse-lite: 1.0.30001662
      postcss: 8.4.31
      react: 19.0.0-rc-e740d4b1-20240919
      react-dom: 19.0.0-rc-e740d4b1-20240919(react@19.0.0-rc-e740d4b1-20240919)
      styled-jsx: 5.1.6(react@19.0.0-rc-e740d4b1-20240919)
    optionalDependencies:
      '@next/swc-darwin-arm64': 15.0.0-canary.161
      '@next/swc-darwin-x64': 15.0.0-canary.161
      '@next/swc-linux-arm64-gnu': 15.0.0-canary.161
      '@next/swc-linux-arm64-musl': 15.0.0-canary.161
      '@next/swc-linux-x64-gnu': 15.0.0-canary.161
      '@next/swc-linux-x64-musl': 15.0.0-canary.161
      '@next/swc-win32-arm64-msvc': 15.0.0-canary.161
      '@next/swc-win32-ia32-msvc': 15.0.0-canary.161
      '@next/swc-win32-x64-msvc': 15.0.0-canary.161
      sharp: 0.33.5
    transitivePeerDependencies:
      - '@babel/core'
      - babel-plugin-macros

  path-parse@1.0.7: {}

  picocolors@1.1.0: {}

  pify@2.3.0: {}

  postcss-import@16.1.0(postcss@8.4.47):
    dependencies:
      postcss: 8.4.47
      postcss-value-parser: 4.2.0
      read-cache: 1.0.0
      resolve: 1.22.8

  postcss-value-parser@4.2.0: {}

  postcss@8.4.31:
    dependencies:
      nanoid: 3.3.7
      picocolors: 1.1.0
      source-map-js: 1.2.1

  postcss@8.4.47:
    dependencies:
      nanoid: 3.3.7
      picocolors: 1.1.0
      source-map-js: 1.2.1

  react-dom@19.0.0-rc-e740d4b1-20240919(react@19.0.0-rc-e740d4b1-20240919):
    dependencies:
      react: 19.0.0-rc-e740d4b1-20240919
      scheduler: 0.25.0-rc-e740d4b1-20240919

  react@19.0.0-rc-e740d4b1-20240919: {}

  read-cache@1.0.0:
    dependencies:
      pify: 2.3.0

  resolve@1.22.8:
    dependencies:
      is-core-module: 2.15.1
      path-parse: 1.0.7
      supports-preserve-symlinks-flag: 1.0.0

  scheduler@0.25.0-rc-e740d4b1-20240919: {}

  semver@7.6.3:
    optional: true

  sharp@0.33.5:
    dependencies:
      color: 4.2.3
      detect-libc: 2.0.3
      semver: 7.6.3
    optionalDependencies:
      '@img/sharp-darwin-arm64': 0.33.5
      '@img/sharp-darwin-x64': 0.33.5
      '@img/sharp-libvips-darwin-arm64': 1.0.4
      '@img/sharp-libvips-darwin-x64': 1.0.4
      '@img/sharp-libvips-linux-arm': 1.0.5
      '@img/sharp-libvips-linux-arm64': 1.0.4
      '@img/sharp-libvips-linux-s390x': 1.0.4
      '@img/sharp-libvips-linux-x64': 1.0.4
      '@img/sharp-libvips-linuxmusl-arm64': 1.0.4
      '@img/sharp-libvips-linuxmusl-x64': 1.0.4
      '@img/sharp-linux-arm': 0.33.5
      '@img/sharp-linux-arm64': 0.33.5
      '@img/sharp-linux-s390x': 0.33.5
      '@img/sharp-linux-x64': 0.33.5
      '@img/sharp-linuxmusl-arm64': 0.33.5
      '@img/sharp-linuxmusl-x64': 0.33.5
      '@img/sharp-wasm32': 0.33.5
      '@img/sharp-win32-ia32': 0.33.5
      '@img/sharp-win32-x64': 0.33.5
    optional: true

  simple-swizzle@0.2.2:
    dependencies:
      is-arrayish: 0.3.2
    optional: true

  source-map-js@1.2.1: {}

  streamsearch@1.1.0: {}

  styled-jsx@5.1.6(react@19.0.0-rc-e740d4b1-20240919):
    dependencies:
      client-only: 0.0.1
      react: 19.0.0-rc-e740d4b1-20240919

  supports-preserve-symlinks-flag@1.0.0: {}

  tailwindcss@4.0.0-alpha.24: {}

  tslib@2.7.0: {}

  typescript@5.6.2: {}

  undici-types@6.19.8: {}
